hash: 74385e59ba4294bcb75a6e85301758ce764b78caa699d5e9b26a050085d07f9b
updated: 2018-05-27T16:33:39.864567+08:00
imports:
- name: github.com/auth0/go-jwt-middleware
  version: 5493cabe49f7bfa6e2ec444a09d334d90cd4e2bd
- name: github.com/dgrijalva/jwt-go
  version: 06ea1031745cb8b3dab3f6a236daf2b0aa468b7e
- name: github.com/go-playground/locales
  version: e4cbcb5d0652150d40ad0646651076b6bd2be4f6
  subpackages:
  - currency
- name: github.com/go-playground/universal-translator
  version: b32fa301c9fe55953584134cb6853a13c87ec0a1
- name: github.com/google/go-querystring
  version: 53e6ce116135b80d037921a7fdd5138cf32d7a8a
  subpackages:
  - query
- name: github.com/gorilla/context
  version: 08b5f424b9271eedf6f9f0ce86cb9396ed337a42
- name: github.com/gorilla/mux
  version: 7f08801859139f86dfafd1c296e2cba9a80d292e
- name: github.com/json-iterator/go
  version: 6240e1e7983a85228f7fd9c3e1b6932d46ec58e2
- name: github.com/mozillazg/go-cos
  version: 7da7700773418130ebf3b047ec4dd96dc5e20f12
  subpackages:
  - debug
- name: github.com/mozillazg/go-httpheader
  version: fcf1e196bc6f884f5e97d5084c83feb917e15b08
- name: github.com/qiniu/api.v7
  version: 0c661d0ca96771709f67b3d9eac10f27033b1f2a
- name: github.com/rs/cors
  version: ca016a06a5753f8ba03029c0aa5e54afb1bf713f
- name: github.com/urfave/negroni
  version: 5dbbc83f748fc3ad38585842b0aedab546d0ea1e
- name: gopkg.in/go-playground/validator.v9
  version: ffe836d7363bc7ab3f56d2fc90ce09bfb5a0c2c5
testImports: []
