hash: 7b1eab4a0cb8fdf8c652174cf11c12fac79ce5d79d22a09ce3e15d1587a75f65
updated: 2018-06-02T16:43:20.476263+08:00
imports:
- name: github.com/auth0/go-jwt-middleware
  version: 5493cabe49f7bfa6e2ec444a09d334d90cd4e2bd
- name: github.com/dgrijalva/jwt-go
  version: 06ea1031745cb8b3dab3f6a236daf2b0aa468b7e
- name: github.com/go-playground/locales
  version: f63010822830b6fe52288ee52d5a1151088ce039
  subpackages:
  - currency
- name: github.com/go-playground/universal-translator
  version: b32fa301c9fe55953584134cb6853a13c87ec0a1
- name: github.com/google/go-querystring
  version: 53e6ce116135b80d037921a7fdd5138cf32d7a8a
  subpackages:
  - query
- name: github.com/gorilla/context
  version: 08b5f424b9271eedf6f9f0ce86cb9396ed337a42
- name: github.com/gorilla/mux
  version: 7f08801859139f86dfafd1c296e2cba9a80d292e
- name: github.com/json-iterator/go
  version: 6240e1e7983a85228f7fd9c3e1b6932d46ec58e2
- name: github.com/mozillazg/go-cos
  version: 7da7700773418130ebf3b047ec4dd96dc5e20f12
  subpackages:
  - debug
- name: github.com/mozillazg/go-httpheader
  version: fcf1e196bc6f884f5e97d5084c83feb917e15b08
- name: github.com/oschwald/maxminddb-golang
  version: c5bec84d1963260297932a1b7a1753c8420717a7
- name: github.com/qiniu/api.v7
  version: 0c661d0ca96771709f67b3d9eac10f27033b1f2a
- name: github.com/robfig/cron
  version: b41be1df696709bb6395fe435af20370037c0b4c
- name: github.com/rs/cors
  version: ca016a06a5753f8ba03029c0aa5e54afb1bf713f
- name: github.com/urfave/negroni
  version: 5dbbc83f748fc3ad38585842b0aedab546d0ea1e
- name: golang.org/x/net
  version: 1c05540f6879653db88113bc4a2b70aec4bd491f
  subpackages:
  - context
- name: golang.org/x/sync
  version: 1d60e4601c6fd243af51cc01ddf169918a5407ca
  subpackages:
  - errgroup
- name: golang.org/x/sys
  version: 43e60d72a8e2bd92ee98319ba9a384a0e9837c08
  subpackages:
  - unix
  - windows
- name: gopkg.in/go-playground/validator.v9
  version: b1f51f36f1c98cc97f777d6fc9d4b05eaa0cabb5
testImports: []
